
Microsoft Visual Studio Solution File, Format Version 12.00
# Visual Studio Version 17
VisualStudioVersion = 17.11.35208.52
MinimumVisualStudioVersion = 10.0.40219.1
Project("{8BC9CEB8-8B4A-11D0-8D11-00A0C91BC942}") = "HelloWorld", "HelloWorld\HelloWorld.vcxproj", "{4C4FC347-761D-4C8A-8D9E-42B3FBB4FCC3}"
EndProject
Global
	GlobalSection(SolutionConfigurationPlatforms) = preSolution
		Debug|x64 = Debug|x64
		Debug|x86 = Debug|x86
		Release|x64 = Release|x64
		Release|x86 = Release|x86
	EndGlobalSection
	GlobalSection(ProjectConfigurationPlatforms) = postSolution
		{4C4FC347-761D-4C8A-8D9E-42B3FBB4FCC3}.Debug|x64.ActiveCfg = Debug|x64
		{4C4FC347-761D-4C8A-8D9E-42B3FBB4FCC3}.Debug|x64.Build.0 = Debug|x64
		{4C4FC347-761D-4C8A-8D9E-42B3FBB4FCC3}.Debug|x86.ActiveCfg = Debug|Win32
		{4C4FC347-761D-4C8A-8D9E-42B3FBB4FCC3}.Debug|x86.Build.0 = Debug|Win32
		{4C4FC347-761D-4C8A-8D9E-42B3FBB4FCC3}.Release|x64.ActiveCfg = Release|x64
		{4C4FC347-761D-4C8A-8D9E-42B3FBB4FCC3}.Release|x64.Build.0 = Release|x64
		{4C4FC347-761D-4C8A-8D9E-42B3FBB4FCC3}.Release|x86.ActiveCfg = Release|Win32
		{4C4FC347-761D-4C8A-8D9E-42B3FBB4FCC3}.Release|x86.Build.0 = Release|Win32
	EndGlobalSection
	GlobalSection(SolutionProperties) = preSolution
		HideSolutionNode = FALSE
	EndGlobalSection
	GlobalSection(ExtensibilityGlobals) = postSolution
		SolutionGuid = {43156787-8482-461A-995B-1F74468A21C6}
	EndGlobalSection
EndGlobal
